
Microsoft Visual Studio Solution File, Format Version 12.00
# Visual Studio Version 17
VisualStudioVersion = 17.2.32616.157
MinimumVisualStudioVersion = 10.0.40219.1
Project("{2150E333-8FDC-42A3-9474-1A3956D46DE8}") = "APIs", "APIs", "{C46750EA-7384-4EC8-AA77-D160B24BB5B7}"
EndProject
Project("{9A19103F-16F7-4668-BE54-9A1E7A4F7556}") = "UserService", "UserService\UserService.csproj", "{61059E61-986A-464F-A6B8-B0C0C5D0E1A9}"
EndProject
Project("{9A19103F-16F7-4668-BE54-9A1E7A4F7556}") = "DataService", "DataService\DataService.csproj", "{5D140F0D-09D4-4782-99D5-2A32C2318629}"
EndProject
Project("{FAE04EC0-301F-11D3-BF4B-00C04F79EFBC}") = "CarService", "CarService\CarService.csproj", "{D329AC71-7078-4A05-8187-F9735E936731}"
EndProject
Project("{FAE04EC0-301F-11D3-BF4B-00C04F79EFBC}") = "AdministrativeService", "AdministrativeService\AdministrativeService.csproj", "{A4BCB0C1-370C-4858-B315-00FCD3531258}"
EndProject
Project("{FAE04EC0-301F-11D3-BF4B-00C04F79EFBC}") = "BillingService", "BillingService\BillingService.csproj", "{CA6829D6-B36D-4981-9ACD-CCB7BC5660E0}"
EndProject
Project("{FAE04EC0-301F-11D3-BF4B-00C04F79EFBC}") = "RouteService", "RouteService\RouteService.csproj", "{91926678-E62B-4DD1-90FA-3AEAD76D5464}"
EndProject
Global
	GlobalSection(SolutionConfigurationPlatforms) = preSolution
		Debug|Any CPU = Debug|Any CPU
		Release|Any CPU = Release|Any CPU
	EndGlobalSection
	GlobalSection(ProjectConfigurationPlatforms) = postSolution
		{61059E61-986A-464F-A6B8-B0C0C5D0E1A9}.Debug|Any CPU.ActiveCfg = Debug|Any CPU
		{61059E61-986A-464F-A6B8-B0C0C5D0E1A9}.Debug|Any CPU.Build.0 = Debug|Any CPU
		{61059E61-986A-464F-A6B8-B0C0C5D0E1A9}.Release|Any CPU.ActiveCfg = Release|Any CPU
		{61059E61-986A-464F-A6B8-B0C0C5D0E1A9}.Release|Any CPU.Build.0 = Release|Any CPU
		{5D140F0D-09D4-4782-99D5-2A32C2318629}.Debug|Any CPU.ActiveCfg = Debug|Any CPU
		{5D140F0D-09D4-4782-99D5-2A32C2318629}.Debug|Any CPU.Build.0 = Debug|Any CPU
		{5D140F0D-09D4-4782-99D5-2A32C2318629}.Release|Any CPU.ActiveCfg = Release|Any CPU
		{5D140F0D-09D4-4782-99D5-2A32C2318629}.Release|Any CPU.Build.0 = Release|Any CPU
		{D329AC71-7078-4A05-8187-F9735E936731}.Debug|Any CPU.ActiveCfg = Debug|Any CPU
		{D329AC71-7078-4A05-8187-F9735E936731}.Debug|Any CPU.Build.0 = Debug|Any CPU
		{D329AC71-7078-4A05-8187-F9735E936731}.Release|Any CPU.ActiveCfg = Release|Any CPU
		{D329AC71-7078-4A05-8187-F9735E936731}.Release|Any CPU.Build.0 = Release|Any CPU
		{A4BCB0C1-370C-4858-B315-00FCD3531258}.Debug|Any CPU.ActiveCfg = Debug|Any CPU
		{A4BCB0C1-370C-4858-B315-00FCD3531258}.Debug|Any CPU.Build.0 = Debug|Any CPU
		{A4BCB0C1-370C-4858-B315-00FCD3531258}.Release|Any CPU.ActiveCfg = Release|Any CPU
		{A4BCB0C1-370C-4858-B315-00FCD3531258}.Release|Any CPU.Build.0 = Release|Any CPU
		{CA6829D6-B36D-4981-9ACD-CCB7BC5660E0}.Debug|Any CPU.ActiveCfg = Debug|Any CPU
		{CA6829D6-B36D-4981-9ACD-CCB7BC5660E0}.Debug|Any CPU.Build.0 = Debug|Any CPU
		{CA6829D6-B36D-4981-9ACD-CCB7BC5660E0}.Release|Any CPU.ActiveCfg = Release|Any CPU
		{CA6829D6-B36D-4981-9ACD-CCB7BC5660E0}.Release|Any CPU.Build.0 = Release|Any CPU
		{91926678-E62B-4DD1-90FA-3AEAD76D5464}.Debug|Any CPU.ActiveCfg = Debug|Any CPU
		{91926678-E62B-4DD1-90FA-3AEAD76D5464}.Debug|Any CPU.Build.0 = Debug|Any CPU
		{91926678-E62B-4DD1-90FA-3AEAD76D5464}.Release|Any CPU.ActiveCfg = Release|Any CPU
		{91926678-E62B-4DD1-90FA-3AEAD76D5464}.Release|Any CPU.Build.0 = Release|Any CPU
	EndGlobalSection
	GlobalSection(SolutionProperties) = preSolution
		HideSolutionNode = FALSE
	EndGlobalSection
	GlobalSection(NestedProjects) = preSolution
		{61059E61-986A-464F-A6B8-B0C0C5D0E1A9} = {C46750EA-7384-4EC8-AA77-D160B24BB5B7}
		{5D140F0D-09D4-4782-99D5-2A32C2318629} = {C46750EA-7384-4EC8-AA77-D160B24BB5B7}
		{D329AC71-7078-4A05-8187-F9735E936731} = {C46750EA-7384-4EC8-AA77-D160B24BB5B7}
		{A4BCB0C1-370C-4858-B315-00FCD3531258} = {C46750EA-7384-4EC8-AA77-D160B24BB5B7}
		{CA6829D6-B36D-4981-9ACD-CCB7BC5660E0} = {C46750EA-7384-4EC8-AA77-D160B24BB5B7}
		{91926678-E62B-4DD1-90FA-3AEAD76D5464} = {C46750EA-7384-4EC8-AA77-D160B24BB5B7}
	EndGlobalSection
	GlobalSection(ExtensibilityGlobals) = postSolution
		SolutionGuid = {01D1D2BF-DB59-4837-AF38-D2C693A8238C}
	EndGlobalSection
EndGlobal
